
Microsoft Visual Studio Solution File, Format Version 12.00
# Visual Studio 15
VisualStudioVersion = 15.0.28307.421
MinimumVisualStudioVersion = 10.0.40219.1
Project("{FAE04EC0-301F-11D3-BF4B-00C04F79EFBC}") = "TVMS", "TVMS\TVMS.csproj", "{340DA67C-5B7B-419E-87DF-5F9C3C2E6454}"
EndProject
Global
	GlobalSection(SolutionConfigurationPlatforms) = preSolution
		Debug|Any CPU = Debug|Any CPU
		Release|Any CPU = Release|Any CPU
	EndGlobalSection
	GlobalSection(ProjectConfigurationPlatforms) = postSolution
		{340DA67C-5B7B-419E-87DF-5F9C3C2E6454}.Debug|Any CPU.ActiveCfg = Debug|Any CPU
		{340DA67C-5B7B-419E-87DF-5F9C3C2E6454}.Debug|Any CPU.Build.0 = Debug|Any CPU
		{340DA67C-5B7B-419E-87DF-5F9C3C2E6454}.Release|Any CPU.ActiveCfg = Release|Any CPU
		{340DA67C-5B7B-419E-87DF-5F9C3C2E6454}.Release|Any CPU.Build.0 = Release|Any CPU
	EndGlobalSection
	GlobalSection(SolutionProperties) = preSolution
		HideSolutionNode = FALSE
	EndGlobalSection
	GlobalSection(ExtensibilityGlobals) = postSolution
		SolutionGuid = {4F14F893-727E-4169-9AD0-2E3926140160}
	EndGlobalSection
EndGlobal
